
Microsoft Visual Studio Solution File, Format Version 12.00
# Visual Studio Version 17
VisualStudioVersion = 17.5.002.0
MinimumVisualStudioVersion = 10.0.40219.1
Project("{9A19103F-16F7-4668-BE54-9A1E7A4F7556}") = "Controle De Impressoras", "Controle De Impressoras.csproj", "{D6AC704C-B6F5-4694-8985-A888D010642A}"
EndProject
Global
	GlobalSection(SolutionConfigurationPlatforms) = preSolution
		Debug|Any CPU = Debug|Any CPU
		Release|Any CPU = Release|Any CPU
	EndGlobalSection
	GlobalSection(ProjectConfigurationPlatforms) = postSolution
		{D6AC704C-B6F5-4694-8985-A888D010642A}.Debug|Any CPU.ActiveCfg = Debug|Any CPU
		{D6AC704C-B6F5-4694-8985-A888D010642A}.Debug|Any CPU.Build.0 = Debug|Any CPU
		{D6AC704C-B6F5-4694-8985-A888D010642A}.Release|Any CPU.ActiveCfg = Release|Any CPU
		{D6AC704C-B6F5-4694-8985-A888D010642A}.Release|Any CPU.Build.0 = Release|Any CPU
	EndGlobalSection
	GlobalSection(SolutionProperties) = preSolution
		HideSolutionNode = FALSE
	EndGlobalSection
	GlobalSection(ExtensibilityGlobals) = postSolution
		SolutionGuid = {B3FD0F71-60B4-4969-B6E8-E6A41DAE10E0}
	EndGlobalSection
EndGlobal
